
Microsoft Visual Studio Solution File, Format Version 12.00
Project("{FAE04EC0-301F-11D3-BF4B-00C04F79EFBC}") = "PersonalFinance.Api", "PersonalFinance.Api\PersonalFinance.Api.csproj", "{9DF385B7-57AB-40F5-9619-488AFA45B798}"
EndProject
Project("{FAE04EC0-301F-11D3-BF4B-00C04F79EFBC}") = "PersonalFinance.Domain", "PersonalFinance.Domain\PersonalFinance.Domain.csproj", "{35B6370A-1DD4-45F9-AFE5-22A53C211D4D}"
EndProject
Project("{FAE04EC0-301F-11D3-BF4B-00C04F79EFBC}") = "PersonalFinance.Application", "PersonalFinance.Application\PersonalFinance.Application.csproj", "{46CDE666-0A51-4D97-A361-4161FAD0259E}"
EndProject
Project("{FAE04EC0-301F-11D3-BF4B-00C04F79EFBC}") = "PersonalFinance.Infrastructure", "PersonalFinance.Infrastructure\PersonalFinance.Infrastructure.csproj", "{C6F4F1A0-B8B3-49AB-AC21-D0D4D02636B8}"
EndProject
Global
	GlobalSection(SolutionConfigurationPlatforms) = preSolution
		Debug|Any CPU = Debug|Any CPU
		Release|Any CPU = Release|Any CPU
	EndGlobalSection
	GlobalSection(ProjectConfigurationPlatforms) = postSolution
		{9DF385B7-57AB-40F5-9619-488AFA45B798}.Debug|Any CPU.ActiveCfg = Debug|Any CPU
		{9DF385B7-57AB-40F5-9619-488AFA45B798}.Debug|Any CPU.Build.0 = Debug|Any CPU
		{9DF385B7-57AB-40F5-9619-488AFA45B798}.Release|Any CPU.ActiveCfg = Release|Any CPU
		{9DF385B7-57AB-40F5-9619-488AFA45B798}.Release|Any CPU.Build.0 = Release|Any CPU
		{35B6370A-1DD4-45F9-AFE5-22A53C211D4D}.Debug|Any CPU.ActiveCfg = Debug|Any CPU
		{35B6370A-1DD4-45F9-AFE5-22A53C211D4D}.Debug|Any CPU.Build.0 = Debug|Any CPU
		{35B6370A-1DD4-45F9-AFE5-22A53C211D4D}.Release|Any CPU.ActiveCfg = Release|Any CPU
		{35B6370A-1DD4-45F9-AFE5-22A53C211D4D}.Release|Any CPU.Build.0 = Release|Any CPU
		{46CDE666-0A51-4D97-A361-4161FAD0259E}.Debug|Any CPU.ActiveCfg = Debug|Any CPU
		{46CDE666-0A51-4D97-A361-4161FAD0259E}.Debug|Any CPU.Build.0 = Debug|Any CPU
		{46CDE666-0A51-4D97-A361-4161FAD0259E}.Release|Any CPU.ActiveCfg = Release|Any CPU
		{46CDE666-0A51-4D97-A361-4161FAD0259E}.Release|Any CPU.Build.0 = Release|Any CPU
		{C6F4F1A0-B8B3-49AB-AC21-D0D4D02636B8}.Debug|Any CPU.ActiveCfg = Debug|Any CPU
		{C6F4F1A0-B8B3-49AB-AC21-D0D4D02636B8}.Debug|Any CPU.Build.0 = Debug|Any CPU
		{C6F4F1A0-B8B3-49AB-AC21-D0D4D02636B8}.Release|Any CPU.ActiveCfg = Release|Any CPU
		{C6F4F1A0-B8B3-49AB-AC21-D0D4D02636B8}.Release|Any CPU.Build.0 = Release|Any CPU
	EndGlobalSection
EndGlobal
